<?xml version="1.0" encoding="utf-8"?>
<Project ToolsVersion="4.0" xmlns="http://schemas.microsoft.com/developer/msbuild/2003">
  <ItemGroup>
    <Filter Include="include">
      <UniqueIdentifier>{93995380-89BD-4b04-88EB-625FBE52EBFB}</UniqueIdentifier>
      <Extensions>h;hh;hpp;hxx;h++;hm;inl;inc;ipp;xsd</Extensions>
    </Filter>
    <Filter Include="src">
      <UniqueIdentifier>{67DA6AB6-F800-4c08-8B7A-83BB121AAD01}</UniqueIdentifier>
      <Extensions>rc;ico;cur;bmp;dlg;rc2;rct;bin;rgs;gif;jpg;jpeg;jpe;resx;tiff;tif;png;wav;mfcribbon-ms</Extensions>
    </Filter>
    <Filter Include="src\core">
      <UniqueIdentifier>{ae2bbd1d-4e68-4d27-9c4d-ef6480ad1660}</UniqueIdentifier>
    </Filter>
    <Filter Include="test">
      <UniqueIdentifier>{fa1f2123-b96c-4059-a6d2-01aa9ad8f19c}</UniqueIdentifier>
    </Filter>
    <Filter Include="include\platform">
      <UniqueIdentifier>{cb36da53-bcc0-436a-b821-c1feea21ba7a}</UniqueIdentifier>
    </Filter>
    <Filter Include="include\core">
      <UniqueIdentifier>{a75fce6b-9aa4-492e-a95f-99ce467c4f47}</UniqueIdentifier>
    </Filter>
    <Filter Include="src\core\platform">
      <UniqueIdentifier>{4FC737F1-C7A5-4376-A066-2A32D752A2FF}</UniqueIdentifier>
      <Extensions>cpp;c;cc;cxx;c++;cppm;ixx;def;odl;idl;hpj;bat;asm;asmx</Extensions>
    </Filter>
    <Filter Include="Docs">
      <UniqueIdentifier>{fc16ac3a-14f8-42ce-9dd0-7f173f60d6fb}</UniqueIdentifier>
    </Filter>
  </ItemGroup>
  <ItemGroup>
    <ClCompile Include="src\core\Connection.cpp">
      <Filter>src\core</Filter>
    </ClCompile>
    <ClCompile Include="src\core\PacketProcessor.cpp">
      <Filter>src\core</Filter>
    </ClCompile>
    <ClCompile Include="src\core\RiftNetEngine.cpp">
      <Filter>src\core</Filter>
    </ClCompile>
    <ClCompile Include="src\platform\UDPSocketAsync.cpp">
      <Filter>src\core\platform</Filter>
    </ClCompile>
    <ClCompile Include="src\core\Logger.cpp">
      <Filter>src\core</Filter>
    </ClCompile>
    <ClCompile Include="src\core\UDPReliabilityProtocol.cpp">
      <Filter>src\core</Filter>
    </ClCompile>
    <ClCompile Include="src\core\KeyExchange.cpp">
      <Filter>src\core</Filter>
    </ClCompile>
    <ClCompile Include="src\core\SecureChannel.cpp">
      <Filter>src\core</Filter>
    </ClCompile>
  </ItemGroup>
  <ItemGroup>
    <ClInclude Include="include\core\Connection.hpp">
      <Filter>include\core</Filter>
    </ClInclude>
    <ClInclude Include="include\core\INetEventListener.hpp">
      <Filter>include\core</Filter>
    </ClInclude>
    <ClInclude Include="include\core\IPacket.hpp">
      <Filter>include\core</Filter>
    </ClInclude>
    <ClInclude Include="include\core\IPacketProcessor.hpp">
      <Filter>include\core</Filter>
    </ClInclude>
    <ClInclude Include="include\core\NetworkTypes.hpp">
      <Filter>include\core</Filter>
    </ClInclude>
    <ClInclude Include="include\core\PacketProcessor.hpp">
      <Filter>include\core</Filter>
    </ClInclude>
    <ClInclude Include="include\core\RiftNetEngine.hpp">
      <Filter>include\core</Filter>
    </ClInclude>
    <ClInclude Include="include\platform\OverlappedIOContext.hpp">
      <Filter>include\platform</Filter>
    </ClInclude>
    <ClInclude Include="include\core\INetworkIO.hpp">
      <Filter>include\core</Filter>
    </ClInclude>
    <ClInclude Include="include\core\INetworkIOEvents.hpp">
      <Filter>include\core</Filter>
    </ClInclude>
    <ClInclude Include="include\core\NetworkEndpoint.hpp">
      <Filter>include\core</Filter>
    </ClInclude>
    <ClInclude Include="include\core\Logger.hpp">
      <Filter>include\core</Filter>
    </ClInclude>
    <ClInclude Include="include\core\UDPReliabilityProtocol.hpp">
      <Filter>include\core</Filter>
    </ClInclude>
    <ClInclude Include="include\core\ReliableConnectionState.hpp">
      <Filter>include\core</Filter>
    </ClInclude>
    <ClInclude Include="include\core\ReliablePacketHeader.hpp">
      <Filter>include\core</Filter>
    </ClInclude>
    <ClInclude Include="include\core\PacketEncryptCompress.hpp">
      <Filter>include\core</Filter>
    </ClInclude>
    <ClInclude Include="include\core\KeyExchange.hpp">
      <Filter>include\core</Filter>
    </ClInclude>
    <ClInclude Include="include\core\HandshakePacket.hpp">
      <Filter>include\core</Filter>
    </ClInclude>
    <ClInclude Include="include\platform\UDPSocketAsync.hpp">
      <Filter>include\platform</Filter>
    </ClInclude>
    <ClInclude Include="include\core\SecureChannel.hpp">
      <Filter>include\core</Filter>
    </ClInclude>
    <ClInclude Include="include\core\PacketTypes.hpp">
      <Filter>include\core</Filter>
    </ClInclude>
    <ClInclude Include="include\core\ReliableTypes.hpp">
      <Filter>include\core</Filter>
    </ClInclude>
  </ItemGroup>
  <ItemGroup>
    <None Include="..\Docs\PHILOSOPHY.md">
      <Filter>Docs</Filter>
    </None>
    <None Include="..\Docs\README.md">
      <Filter>Docs</Filter>
    </None>
    <None Include="..\Docs\LICENSE.md">
      <Filter>Docs</Filter>
    </None>
  </ItemGroup>
</Project>